
Microsoft Visual Studio Solution File, Format Version 12.00
# Visual Studio 15
VisualStudioVersion = 15.0.27004.2009
MinimumVisualStudioVersion = 10.0.40219.1
Project("{8BC9CEB8-8B4A-11D0-8D11-00A0C91BC942}") = "cplustest", "cplustest\cplustest.vcxproj", "{0EA66A77-252D-4A4C-8F44-95D92D5386CF}"
EndProject
Global
	GlobalSection(SolutionConfigurationPlatforms) = preSolution
		Debug|x64 = Debug|x64
		Debug|x86 = Debug|x86
		Release|x64 = Release|x64
		Release|x86 = Release|x86
	EndGlobalSection
	GlobalSection(ProjectConfigurationPlatforms) = postSolution
		{0EA66A77-252D-4A4C-8F44-95D92D5386CF}.Debug|x64.ActiveCfg = Debug|x64
		{0EA66A77-252D-4A4C-8F44-95D92D5386CF}.Debug|x64.Build.0 = Debug|x64
		{0EA66A77-252D-4A4C-8F44-95D92D5386CF}.Debug|x86.ActiveCfg = Debug|Win32
		{0EA66A77-252D-4A4C-8F44-95D92D5386CF}.Debug|x86.Build.0 = Debug|Win32
		{0EA66A77-252D-4A4C-8F44-95D92D5386CF}.Release|x64.ActiveCfg = Release|x64
		{0EA66A77-252D-4A4C-8F44-95D92D5386CF}.Release|x64.Build.0 = Release|x64
		{0EA66A77-252D-4A4C-8F44-95D92D5386CF}.Release|x86.ActiveCfg = Release|Win32
		{0EA66A77-252D-4A4C-8F44-95D92D5386CF}.Release|x86.Build.0 = Release|Win32
	EndGlobalSection
	GlobalSection(SolutionProperties) = preSolution
		HideSolutionNode = FALSE
	EndGlobalSection
	GlobalSection(ExtensibilityGlobals) = postSolution
		SolutionGuid = {F38FF841-533A-467D-B1A5-FEAAF82883F9}
	EndGlobalSection
EndGlobal
